
Microsoft Visual Studio Solution File, Format Version 12.00
# Visual Studio Version 17
VisualStudioVersion = 17.4.33205.214
MinimumVisualStudioVersion = 10.0.40219.1
Project("{FAE04EC0-301F-11D3-BF4B-00C04F79EFBC}") = "ThingzEGTrigger", "ThingzEGTrigger.csproj", "{BB259772-7A65-4017-901C-92D6B71C16CE}"
EndProject
Global
	GlobalSection(SolutionConfigurationPlatforms) = preSolution
		Debug|Any CPU = Debug|Any CPU
		Release|Any CPU = Release|Any CPU
	EndGlobalSection
	GlobalSection(ProjectConfigurationPlatforms) = postSolution
		{BB259772-7A65-4017-901C-92D6B71C16CE}.Debug|Any CPU.ActiveCfg = Debug|Any CPU
		{BB259772-7A65-4017-901C-92D6B71C16CE}.Debug|Any CPU.Build.0 = Debug|Any CPU
		{BB259772-7A65-4017-901C-92D6B71C16CE}.Release|Any CPU.ActiveCfg = Release|Any CPU
		{BB259772-7A65-4017-901C-92D6B71C16CE}.Release|Any CPU.Build.0 = Release|Any CPU
	EndGlobalSection
	GlobalSection(SolutionProperties) = preSolution
		HideSolutionNode = FALSE
	EndGlobalSection
	GlobalSection(ExtensibilityGlobals) = postSolution
		SolutionGuid = {4CCDFF10-68D3-42FB-9DFD-B8D9C01A1942}
	EndGlobalSection
EndGlobal
